
Microsoft Visual Studio Solution File, Format Version 12.00
# Visual Studio Version 16
VisualStudioVersion = 16.0.31410.357
MinimumVisualStudioVersion = 10.0.40219.1
Project("{FAE04EC0-301F-11D3-BF4B-00C04F79EFBC}") = "Struct", "Struct.csproj", "{1A48D65D-CD21-474D-BA10-40ADF70DD11E}"
EndProject
Global
	GlobalSection(SolutionConfigurationPlatforms) = preSolution
		Debug|Any CPU = Debug|Any CPU
		Release|Any CPU = Release|Any CPU
	EndGlobalSection
	GlobalSection(ProjectConfigurationPlatforms) = postSolution
		{1A48D65D-CD21-474D-BA10-40ADF70DD11E}.Debug|Any CPU.ActiveCfg = Debug|Any CPU
		{1A48D65D-CD21-474D-BA10-40ADF70DD11E}.Debug|Any CPU.Build.0 = Debug|Any CPU
		{1A48D65D-CD21-474D-BA10-40ADF70DD11E}.Release|Any CPU.ActiveCfg = Release|Any CPU
		{1A48D65D-CD21-474D-BA10-40ADF70DD11E}.Release|Any CPU.Build.0 = Release|Any CPU
	EndGlobalSection
	GlobalSection(SolutionProperties) = preSolution
		HideSolutionNode = FALSE
	EndGlobalSection
	GlobalSection(ExtensibilityGlobals) = postSolution
		SolutionGuid = {50FD97FE-889A-4E6D-A4A5-D0BF82374221}
	EndGlobalSection
EndGlobal
